
Microsoft Visual Studio Solution File, Format Version 12.00
# Visual Studio 15
Project("{FAE04EC0-301F-11D3-BF4B-00C04F79EFBC}") = "Unity.Timeline", "Unity.Timeline.csproj", "{C66B31BE-DB45-94FC-FE4D-D0C0654C0703}"
EndProject
Project("{FAE04EC0-301F-11D3-BF4B-00C04F79EFBC}") = "Unity.Timeline.Editor", "Unity.Timeline.Editor.csproj", "{D0806F78-3D30-FBC1-56CB-C405A88B1F03}"
EndProject
Project("{FAE04EC0-301F-11D3-BF4B-00C04F79EFBC}") = "Unity.TextMeshPro.Editor", "Unity.TextMeshPro.Editor.csproj", "{EFAED289-D3E3-77F9-EFAC-8C8327C6E381}"
EndProject
Project("{FAE04EC0-301F-11D3-BF4B-00C04F79EFBC}") = "Unity.VisualScripting.Flow", "Unity.VisualScripting.Flow.csproj", "{8D14F71C-9396-53A4-F5F1-04CAC5F71CB6}"
EndProject
Project("{FAE04EC0-301F-11D3-BF4B-00C04F79EFBC}") = "UnityEditor.UI", "UnityEditor.UI.csproj", "{C9848178-3881-E8FA-04B5-ADCE5B1A8F85}"
EndProject
Project("{FAE04EC0-301F-11D3-BF4B-00C04F79EFBC}") = "Unity.PlasticSCM.Editor", "Unity.PlasticSCM.Editor.csproj", "{A63E7C41-6D6A-7CC8-4085-B768F1A38284}"
EndProject
Project("{FAE04EC0-301F-11D3-BF4B-00C04F79EFBC}") = "Unity.VisualScripting.Core", "Unity.VisualScripting.Core.csproj", "{E230C7F8-20FE-472E-D5F1-96E4C2EA9997}"
EndProject
Project("{FAE04EC0-301F-11D3-BF4B-00C04F79EFBC}") = "Unity.VisualScripting.Core.Editor", "Unity.VisualScripting.Core.Editor.csproj", "{4CC73093-78B4-CDFF-2C42-0F67E040684E}"
EndProject
Project("{FAE04EC0-301F-11D3-BF4B-00C04F79EFBC}") = "Unity.VisualScripting.Flow.Editor", "Unity.VisualScripting.Flow.Editor.csproj", "{2C249414-F2E9-C490-AE81-7B1FE14401D3}"
EndProject
Project("{FAE04EC0-301F-11D3-BF4B-00C04F79EFBC}") = "UnityEditor.TestRunner", "UnityEditor.TestRunner.csproj", "{26807742-14AA-5228-9A49-B73BE64C447C}"
EndProject
Project("{FAE04EC0-301F-11D3-BF4B-00C04F79EFBC}") = "Unity.VisualScripting.SettingsProvider.Editor", "Unity.VisualScripting.SettingsProvider.Editor.csproj", "{2898ABE9-3CD6-FA09-E9A3-A05D2E6EC3C8}"
EndProject
Project("{FAE04EC0-301F-11D3-BF4B-00C04F79EFBC}") = "UnityEngine.TestRunner", "UnityEngine.TestRunner.csproj", "{E8EB7E09-C8B5-C534-24CA-5AF908F8EE27}"
EndProject
Project("{FAE04EC0-301F-11D3-BF4B-00C04F79EFBC}") = "UnityEngine.UI", "UnityEngine.UI.csproj", "{25558678-FEFD-B3E9-50BC-953615F09E37}"
EndProject
Project("{FAE04EC0-301F-11D3-BF4B-00C04F79EFBC}") = "Unity.VisualStudio.Editor", "Unity.VisualStudio.Editor.csproj", "{E6FE7025-B4E7-E686-22C1-8EA984376B4C}"
EndProject
Project("{FAE04EC0-301F-11D3-BF4B-00C04F79EFBC}") = "Assembly-CSharp-Editor", "Assembly-CSharp-Editor.csproj", "{F782A34F-9974-AE80-1455-F24026D55E21}"
EndProject
Project("{FAE04EC0-301F-11D3-BF4B-00C04F79EFBC}") = "Unity.TestTools.CodeCoverage.Editor.OpenCover.Model", "Unity.TestTools.CodeCoverage.Editor.OpenCover.Model.csproj", "{140F985A-9CDD-4498-30E7-0495174E2955}"
EndProject
Project("{FAE04EC0-301F-11D3-BF4B-00C04F79EFBC}") = "Unity.Rider.Editor", "Unity.Rider.Editor.csproj", "{7FBFD35E-F80E-442F-2347-754977D753C4}"
EndProject
Project("{FAE04EC0-301F-11D3-BF4B-00C04F79EFBC}") = "Assembly-CSharp", "Assembly-CSharp.csproj", "{3D81A577-33AB-BA29-5444-9C0C300CDC9F}"
EndProject
Project("{FAE04EC0-301F-11D3-BF4B-00C04F79EFBC}") = "Unity.VisualScripting.State.Editor", "Unity.VisualScripting.State.Editor.csproj", "{AB44A4D1-9362-A8E7-9BFA-28913F38A4E1}"
EndProject
Project("{FAE04EC0-301F-11D3-BF4B-00C04F79EFBC}") = "Unity.TestTools.CodeCoverage.Editor", "Unity.TestTools.CodeCoverage.Editor.csproj", "{F083C612-4462-1989-B662-F3450BD697D4}"
EndProject
Project("{FAE04EC0-301F-11D3-BF4B-00C04F79EFBC}") = "Unity.VisualScripting.State", "Unity.VisualScripting.State.csproj", "{F08727C3-622F-FC8C-7912-D15A1A63CC53}"
EndProject
Project("{FAE04EC0-301F-11D3-BF4B-00C04F79EFBC}") = "Unity.TextMeshPro", "Unity.TextMeshPro.csproj", "{98435B78-E8C7-29F5-81BA-C62E17F1B50F}"
EndProject
Project("{FAE04EC0-301F-11D3-BF4B-00C04F79EFBC}") = "Unity.Performance.Profile-Analyzer.Editor", "Unity.Performance.Profile-Analyzer.Editor.csproj", "{9AE1D143-FBB8-CD85-CE2A-AA414C793847}"
EndProject
Project("{FAE04EC0-301F-11D3-BF4B-00C04F79EFBC}") = "Unity.VSCode.Editor", "Unity.VSCode.Editor.csproj", "{F06BFF6E-41E5-76B3-BA45-C82A8DF4DDBF}"
EndProject
Project("{FAE04EC0-301F-11D3-BF4B-00C04F79EFBC}") = "Unity.TestTools.CodeCoverage.Editor.OpenCover.Mono.Reflection", "Unity.TestTools.CodeCoverage.Editor.OpenCover.Mono.Reflection.csproj", "{1386E9A2-5AED-BBBB-6F66-C0087A784196}"
EndProject
Project("{FAE04EC0-301F-11D3-BF4B-00C04F79EFBC}") = "Unity.Settings.Editor", "Unity.Settings.Editor.csproj", "{4FE650AD-8B15-EE4D-B055-8E41FED580EC}"
EndProject
Project("{FAE04EC0-301F-11D3-BF4B-00C04F79EFBC}") = "Unity.EditorCoroutines.Editor", "Unity.EditorCoroutines.Editor.csproj", "{0319EAF2-53B2-8383-02DB-F0DC555F5BFE}"
EndProject
Project("{FAE04EC0-301F-11D3-BF4B-00C04F79EFBC}") = "Unity.VisualScripting.Shared.Editor", "Unity.VisualScripting.Shared.Editor.csproj", "{C35AEDE8-D96D-FD70-9CFB-4ACB0EE07E7B}"
EndProject
Project("{FAE04EC0-301F-11D3-BF4B-00C04F79EFBC}") = "Unity.CollabProxy.Editor", "Unity.CollabProxy.Editor.csproj", "{4639A3FF-AE13-AF15-BA4F-DA9843AF0B72}"
EndProject
Global
	GlobalSection(SolutionConfigurationPlatforms) = preSolution
		Debug|Any CPU = Debug|Any CPU
		Release|Any CPU = Release|Any CPU
	EndGlobalSection
	GlobalSection(ProjectConfigurationPlatforms) = postSolution
		{C66B31BE-DB45-94FC-FE4D-D0C0654C0703}.Debug|Any CPU.ActiveCfg = Debug|Any CPU
		{C66B31BE-DB45-94FC-FE4D-D0C0654C0703}.Debug|Any CPU.Build.0 = Debug|Any CPU
		{C66B31BE-DB45-94FC-FE4D-D0C0654C0703}.Release|Any CPU.ActiveCfg = Release|Any CPU
		{C66B31BE-DB45-94FC-FE4D-D0C0654C0703}.Release|Any CPU.Build.0 = Release|Any CPU
		{D0806F78-3D30-FBC1-56CB-C405A88B1F03}.Debug|Any CPU.ActiveCfg = Debug|Any CPU
		{D0806F78-3D30-FBC1-56CB-C405A88B1F03}.Debug|Any CPU.Build.0 = Debug|Any CPU
		{D0806F78-3D30-FBC1-56CB-C405A88B1F03}.Release|Any CPU.ActiveCfg = Release|Any CPU
		{D0806F78-3D30-FBC1-56CB-C405A88B1F03}.Release|Any CPU.Build.0 = Release|Any CPU
		{EFAED289-D3E3-77F9-EFAC-8C8327C6E381}.Debug|Any CPU.ActiveCfg = Debug|Any CPU
		{EFAED289-D3E3-77F9-EFAC-8C8327C6E381}.Debug|Any CPU.Build.0 = Debug|Any CPU
		{EFAED289-D3E3-77F9-EFAC-8C8327C6E381}.Release|Any CPU.ActiveCfg = Release|Any CPU
		{EFAED289-D3E3-77F9-EFAC-8C8327C6E381}.Release|Any CPU.Build.0 = Release|Any CPU
		{8D14F71C-9396-53A4-F5F1-04CAC5F71CB6}.Debug|Any CPU.ActiveCfg = Debug|Any CPU
		{8D14F71C-9396-53A4-F5F1-04CAC5F71CB6}.Debug|Any CPU.Build.0 = Debug|Any CPU
		{8D14F71C-9396-53A4-F5F1-04CAC5F71CB6}.Release|Any CPU.ActiveCfg = Release|Any CPU
		{8D14F71C-9396-53A4-F5F1-04CAC5F71CB6}.Release|Any CPU.Build.0 = Release|Any CPU
		{C9848178-3881-E8FA-04B5-ADCE5B1A8F85}.Debug|Any CPU.ActiveCfg = Debug|Any CPU
		{C9848178-3881-E8FA-04B5-ADCE5B1A8F85}.Debug|Any CPU.Build.0 = Debug|Any CPU
		{C9848178-3881-E8FA-04B5-ADCE5B1A8F85}.Release|Any CPU.ActiveCfg = Release|Any CPU
		{C9848178-3881-E8FA-04B5-ADCE5B1A8F85}.Release|Any CPU.Build.0 = Release|Any CPU
		{A63E7C41-6D6A-7CC8-4085-B768F1A38284}.Debug|Any CPU.ActiveCfg = Debug|Any CPU
		{A63E7C41-6D6A-7CC8-4085-B768F1A38284}.Debug|Any CPU.Build.0 = Debug|Any CPU
		{A63E7C41-6D6A-7CC8-4085-B768F1A38284}.Release|Any CPU.ActiveCfg = Release|Any CPU
		{A63E7C41-6D6A-7CC8-4085-B768F1A38284}.Release|Any CPU.Build.0 = Release|Any CPU
		{E230C7F8-20FE-472E-D5F1-96E4C2EA9997}.Debug|Any CPU.ActiveCfg = Debug|Any CPU
		{E230C7F8-20FE-472E-D5F1-96E4C2EA9997}.Debug|Any CPU.Build.0 = Debug|Any CPU
		{E230C7F8-20FE-472E-D5F1-96E4C2EA9997}.Release|Any CPU.ActiveCfg = Release|Any CPU
		{E230C7F8-20FE-472E-D5F1-96E4C2EA9997}.Release|Any CPU.Build.0 = Release|Any CPU
		{4CC73093-78B4-CDFF-2C42-0F67E040684E}.Debug|Any CPU.ActiveCfg = Debug|Any CPU
		{4CC73093-78B4-CDFF-2C42-0F67E040684E}.Debug|Any CPU.Build.0 = Debug|Any CPU
		{4CC73093-78B4-CDFF-2C42-0F67E040684E}.Release|Any CPU.ActiveCfg = Release|Any CPU
		{4CC73093-78B4-CDFF-2C42-0F67E040684E}.Release|Any CPU.Build.0 = Release|Any CPU
		{2C249414-F2E9-C490-AE81-7B1FE14401D3}.Debug|Any CPU.ActiveCfg = Debug|Any CPU
		{2C249414-F2E9-C490-AE81-7B1FE14401D3}.Debug|Any CPU.Build.0 = Debug|Any CPU
		{2C249414-F2E9-C490-AE81-7B1FE14401D3}.Release|Any CPU.ActiveCfg = Release|Any CPU
		{2C249414-F2E9-C490-AE81-7B1FE14401D3}.Release|Any CPU.Build.0 = Release|Any CPU
		{26807742-14AA-5228-9A49-B73BE64C447C}.Debug|Any CPU.ActiveCfg = Debug|Any CPU
		{26807742-14AA-5228-9A49-B73BE64C447C}.Debug|Any CPU.Build.0 = Debug|Any CPU
		{26807742-14AA-5228-9A49-B73BE64C447C}.Release|Any CPU.ActiveCfg = Release|Any CPU
		{26807742-14AA-5228-9A49-B73BE64C447C}.Release|Any CPU.Build.0 = Release|Any CPU
		{2898ABE9-3CD6-FA09-E9A3-A05D2E6EC3C8}.Debug|Any CPU.ActiveCfg = Debug|Any CPU
		{2898ABE9-3CD6-FA09-E9A3-A05D2E6EC3C8}.Debug|Any CPU.Build.0 = Debug|Any CPU
		{2898ABE9-3CD6-FA09-E9A3-A05D2E6EC3C8}.Release|Any CPU.ActiveCfg = Release|Any CPU
		{2898ABE9-3CD6-FA09-E9A3-A05D2E6EC3C8}.Release|Any CPU.Build.0 = Release|Any CPU
		{E8EB7E09-C8B5-C534-24CA-5AF908F8EE27}.Debug|Any CPU.ActiveCfg = Debug|Any CPU
		{E8EB7E09-C8B5-C534-24CA-5AF908F8EE27}.Debug|Any CPU.Build.0 = Debug|Any CPU
		{E8EB7E09-C8B5-C534-24CA-5AF908F8EE27}.Release|Any CPU.ActiveCfg = Release|Any CPU
		{E8EB7E09-C8B5-C534-24CA-5AF908F8EE27}.Release|Any CPU.Build.0 = Release|Any CPU
		{25558678-FEFD-B3E9-50BC-953615F09E37}.Debug|Any CPU.ActiveCfg = Debug|Any CPU
		{25558678-FEFD-B3E9-50BC-953615F09E37}.Debug|Any CPU.Build.0 = Debug|Any CPU
		{25558678-FEFD-B3E9-50BC-953615F09E37}.Release|Any CPU.ActiveCfg = Release|Any CPU
		{25558678-FEFD-B3E9-50BC-953615F09E37}.Release|Any CPU.Build.0 = Release|Any CPU
		{E6FE7025-B4E7-E686-22C1-8EA984376B4C}.Debug|Any CPU.ActiveCfg = Debug|Any CPU
		{E6FE7025-B4E7-E686-22C1-8EA984376B4C}.Debug|Any CPU.Build.0 = Debug|Any CPU
		{E6FE7025-B4E7-E686-22C1-8EA984376B4C}.Release|Any CPU.ActiveCfg = Release|Any CPU
		{E6FE7025-B4E7-E686-22C1-8EA984376B4C}.Release|Any CPU.Build.0 = Release|Any CPU
		{F782A34F-9974-AE80-1455-F24026D55E21}.Debug|Any CPU.ActiveCfg = Debug|Any CPU
		{F782A34F-9974-AE80-1455-F24026D55E21}.Debug|Any CPU.Build.0 = Debug|Any CPU
		{F782A34F-9974-AE80-1455-F24026D55E21}.Release|Any CPU.ActiveCfg = Release|Any CPU
		{F782A34F-9974-AE80-1455-F24026D55E21}.Release|Any CPU.Build.0 = Release|Any CPU
		{140F985A-9CDD-4498-30E7-0495174E2955}.Debug|Any CPU.ActiveCfg = Debug|Any CPU
		{140F985A-9CDD-4498-30E7-0495174E2955}.Debug|Any CPU.Build.0 = Debug|Any CPU
		{140F985A-9CDD-4498-30E7-0495174E2955}.Release|Any CPU.ActiveCfg = Release|Any CPU
		{140F985A-9CDD-4498-30E7-0495174E2955}.Release|Any CPU.Build.0 = Release|Any CPU
		{7FBFD35E-F80E-442F-2347-754977D753C4}.Debug|Any CPU.ActiveCfg = Debug|Any CPU
		{7FBFD35E-F80E-442F-2347-754977D753C4}.Debug|Any CPU.Build.0 = Debug|Any CPU
		{7FBFD35E-F80E-442F-2347-754977D753C4}.Release|Any CPU.ActiveCfg = Release|Any CPU
		{7FBFD35E-F80E-442F-2347-754977D753C4}.Release|Any CPU.Build.0 = Release|Any CPU
		{3D81A577-33AB-BA29-5444-9C0C300CDC9F}.Debug|Any CPU.ActiveCfg = Debug|Any CPU
		{3D81A577-33AB-BA29-5444-9C0C300CDC9F}.Debug|Any CPU.Build.0 = Debug|Any CPU
		{3D81A577-33AB-BA29-5444-9C0C300CDC9F}.Release|Any CPU.ActiveCfg = Release|Any CPU
		{3D81A577-33AB-BA29-5444-9C0C300CDC9F}.Release|Any CPU.Build.0 = Release|Any CPU
		{AB44A4D1-9362-A8E7-9BFA-28913F38A4E1}.Debug|Any CPU.ActiveCfg = Debug|Any CPU
		{AB44A4D1-9362-A8E7-9BFA-28913F38A4E1}.Debug|Any CPU.Build.0 = Debug|Any CPU
		{AB44A4D1-9362-A8E7-9BFA-28913F38A4E1}.Release|Any CPU.ActiveCfg = Release|Any CPU
		{AB44A4D1-9362-A8E7-9BFA-28913F38A4E1}.Release|Any CPU.Build.0 = Release|Any CPU
		{F083C612-4462-1989-B662-F3450BD697D4}.Debug|Any CPU.ActiveCfg = Debug|Any CPU
		{F083C612-4462-1989-B662-F3450BD697D4}.Debug|Any CPU.Build.0 = Debug|Any CPU
		{F083C612-4462-1989-B662-F3450BD697D4}.Release|Any CPU.ActiveCfg = Release|Any CPU
		{F083C612-4462-1989-B662-F3450BD697D4}.Release|Any CPU.Build.0 = Release|Any CPU
		{F08727C3-622F-FC8C-7912-D15A1A63CC53}.Debug|Any CPU.ActiveCfg = Debug|Any CPU
		{F08727C3-622F-FC8C-7912-D15A1A63CC53}.Debug|Any CPU.Build.0 = Debug|Any CPU
		{F08727C3-622F-FC8C-7912-D15A1A63CC53}.Release|Any CPU.ActiveCfg = Release|Any CPU
		{F08727C3-622F-FC8C-7912-D15A1A63CC53}.Release|Any CPU.Build.0 = Release|Any CPU
		{98435B78-E8C7-29F5-81BA-C62E17F1B50F}.Debug|Any CPU.ActiveCfg = Debug|Any CPU
		{98435B78-E8C7-29F5-81BA-C62E17F1B50F}.Debug|Any CPU.Build.0 = Debug|Any CPU
		{98435B78-E8C7-29F5-81BA-C62E17F1B50F}.Release|Any CPU.ActiveCfg = Release|Any CPU
		{98435B78-E8C7-29F5-81BA-C62E17F1B50F}.Release|Any CPU.Build.0 = Release|Any CPU
		{9AE1D143-FBB8-CD85-CE2A-AA414C793847}.Debug|Any CPU.ActiveCfg = Debug|Any CPU
		{9AE1D143-FBB8-CD85-CE2A-AA414C793847}.Debug|Any CPU.Build.0 = Debug|Any CPU
		{9AE1D143-FBB8-CD85-CE2A-AA414C793847}.Release|Any CPU.ActiveCfg = Release|Any CPU
		{9AE1D143-FBB8-CD85-CE2A-AA414C793847}.Release|Any CPU.Build.0 = Release|Any CPU
		{F06BFF6E-41E5-76B3-BA45-C82A8DF4DDBF}.Debug|Any CPU.ActiveCfg = Debug|Any CPU
		{F06BFF6E-41E5-76B3-BA45-C82A8DF4DDBF}.Debug|Any CPU.Build.0 = Debug|Any CPU
		{F06BFF6E-41E5-76B3-BA45-C82A8DF4DDBF}.Release|Any CPU.ActiveCfg = Release|Any CPU
		{F06BFF6E-41E5-76B3-BA45-C82A8DF4DDBF}.Release|Any CPU.Build.0 = Release|Any CPU
		{1386E9A2-5AED-BBBB-6F66-C0087A784196}.Debug|Any CPU.ActiveCfg = Debug|Any CPU
		{1386E9A2-5AED-BBBB-6F66-C0087A784196}.Debug|Any CPU.Build.0 = Debug|Any CPU
		{1386E9A2-5AED-BBBB-6F66-C0087A784196}.Release|Any CPU.ActiveCfg = Release|Any CPU
		{1386E9A2-5AED-BBBB-6F66-C0087A784196}.Release|Any CPU.Build.0 = Release|Any CPU
		{4FE650AD-8B15-EE4D-B055-8E41FED580EC}.Debug|Any CPU.ActiveCfg = Debug|Any CPU
		{4FE650AD-8B15-EE4D-B055-8E41FED580EC}.Debug|Any CPU.Build.0 = Debug|Any CPU
		{4FE650AD-8B15-EE4D-B055-8E41FED580EC}.Release|Any CPU.ActiveCfg = Release|Any CPU
		{4FE650AD-8B15-EE4D-B055-8E41FED580EC}.Release|Any CPU.Build.0 = Release|Any CPU
		{0319EAF2-53B2-8383-02DB-F0DC555F5BFE}.Debug|Any CPU.ActiveCfg = Debug|Any CPU
		{0319EAF2-53B2-8383-02DB-F0DC555F5BFE}.Debug|Any CPU.Build.0 = Debug|Any CPU
		{0319EAF2-53B2-8383-02DB-F0DC555F5BFE}.Release|Any CPU.ActiveCfg = Release|Any CPU
		{0319EAF2-53B2-8383-02DB-F0DC555F5BFE}.Release|Any CPU.Build.0 = Release|Any CPU
		{C35AEDE8-D96D-FD70-9CFB-4ACB0EE07E7B}.Debug|Any CPU.ActiveCfg = Debug|Any CPU
		{C35AEDE8-D96D-FD70-9CFB-4ACB0EE07E7B}.Debug|Any CPU.Build.0 = Debug|Any CPU
		{C35AEDE8-D96D-FD70-9CFB-4ACB0EE07E7B}.Release|Any CPU.ActiveCfg = Release|Any CPU
		{C35AEDE8-D96D-FD70-9CFB-4ACB0EE07E7B}.Release|Any CPU.Build.0 = Release|Any CPU
		{4639A3FF-AE13-AF15-BA4F-DA9843AF0B72}.Debug|Any CPU.ActiveCfg = Debug|Any CPU
		{4639A3FF-AE13-AF15-BA4F-DA9843AF0B72}.Debug|Any CPU.Build.0 = Debug|Any CPU
		{4639A3FF-AE13-AF15-BA4F-DA9843AF0B72}.Release|Any CPU.ActiveCfg = Release|Any CPU
		{4639A3FF-AE13-AF15-BA4F-DA9843AF0B72}.Release|Any CPU.Build.0 = Release|Any CPU
	EndGlobalSection
	GlobalSection(SolutionProperties) = preSolution
		HideSolutionNode = FALSE
	EndGlobalSection
EndGlobal
